
Microsoft Visual Studio Solution File, Format Version 12.00
# Visual Studio Version 17
VisualStudioVersion = 17.14.36301.6
MinimumVisualStudioVersion = 10.0.40219.1
Project("{FAE04EC0-301F-11D3-BF4B-00C04F79EFBC}") = "FirstBlazorApp", "FirstBlazorApp\FirstBlazorApp.csproj", "{908D65FE-4B80-4120-A682-4AAEA2FC114A}"
EndProject
Project("{FAE04EC0-301F-11D3-BF4B-00C04F79EFBC}") = "LicenseIssuer.Console", "LicenseIssuer.Console\LicenseIssuer.Console.csproj", "{C8FF14E5-D68B-3BE9-8423-63AF0351E997}"
EndProject
Global
	GlobalSection(SolutionConfigurationPlatforms) = preSolution
		Debug|Any CPU = Debug|Any CPU
		Release|Any CPU = Release|Any CPU
	EndGlobalSection
	GlobalSection(ProjectConfigurationPlatforms) = postSolution
		{908D65FE-4B80-4120-A682-4AAEA2FC114A}.Debug|Any CPU.ActiveCfg = Debug|Any CPU
		{908D65FE-4B80-4120-A682-4AAEA2FC114A}.Debug|Any CPU.Build.0 = Debug|Any CPU
		{908D65FE-4B80-4120-A682-4AAEA2FC114A}.Release|Any CPU.ActiveCfg = Release|Any CPU
		{908D65FE-4B80-4120-A682-4AAEA2FC114A}.Release|Any CPU.Build.0 = Release|Any CPU
		{C8FF14E5-D68B-3BE9-8423-63AF0351E997}.Debug|Any CPU.ActiveCfg = Debug|Any CPU
		{C8FF14E5-D68B-3BE9-8423-63AF0351E997}.Debug|Any CPU.Build.0 = Debug|Any CPU
		{C8FF14E5-D68B-3BE9-8423-63AF0351E997}.Release|Any CPU.ActiveCfg = Release|Any CPU
		{C8FF14E5-D68B-3BE9-8423-63AF0351E997}.Release|Any CPU.Build.0 = Release|Any CPU
	EndGlobalSection
	GlobalSection(SolutionProperties) = preSolution
		HideSolutionNode = FALSE
	EndGlobalSection
	GlobalSection(ExtensibilityGlobals) = postSolution
		SolutionGuid = {F5767F8E-22C1-450F-B107-00CE419FDE01}
	EndGlobalSection
EndGlobal
